<Solution>
  <Project Path="Infrastructure/TechnicalTasks.Infrastructure.csproj" />
  <Project Path="TechnicalTasks.Application/TechnicalTasks.Application.csproj" />
  <Project Path="TechnicalTasks.Domain/TechnicalTasks.Domain.csproj" />
  <Project Path="TechnicalTasks.Shared/TechnicalTasks.Shared.csproj" />
  <Project Path="TechnicalTasks/TechnicalTasks.Api.csproj" />
</Solution>
